
Microsoft Visual Studio Solution File, Format Version 12.00
# Visual Studio 15
VisualStudioVersion = 15.0.27428.2043
MinimumVisualStudioVersion = 10.0.40219.1
Project("{8BC9CEB8-8B4A-11D0-8D11-00A0C91BC942}") = "Chapter1", "Chapter1\Chapter1.vcxproj", "{4112FCD6-6A20-450E-AB7C-12D7FCC2154E}"
EndProject
Global
	GlobalSection(SolutionConfigurationPlatforms) = preSolution
		Debug|x64 = Debug|x64
		Debug|x86 = Debug|x86
		Release|x64 = Release|x64
		Release|x86 = Release|x86
	EndGlobalSection
	GlobalSection(ProjectConfigurationPlatforms) = postSolution
		{4112FCD6-6A20-450E-AB7C-12D7FCC2154E}.Debug|x64.ActiveCfg = Debug|x64
		{4112FCD6-6A20-450E-AB7C-12D7FCC2154E}.Debug|x64.Build.0 = Debug|x64
		{4112FCD6-6A20-450E-AB7C-12D7FCC2154E}.Debug|x86.ActiveCfg = Debug|Win32
		{4112FCD6-6A20-450E-AB7C-12D7FCC2154E}.Debug|x86.Build.0 = Debug|Win32
		{4112FCD6-6A20-450E-AB7C-12D7FCC2154E}.Release|x64.ActiveCfg = Release|x64
		{4112FCD6-6A20-450E-AB7C-12D7FCC2154E}.Release|x64.Build.0 = Release|x64
		{4112FCD6-6A20-450E-AB7C-12D7FCC2154E}.Release|x86.ActiveCfg = Release|Win32
		{4112FCD6-6A20-450E-AB7C-12D7FCC2154E}.Release|x86.Build.0 = Release|Win32
	EndGlobalSection
	GlobalSection(SolutionProperties) = preSolution
		HideSolutionNode = FALSE
	EndGlobalSection
	GlobalSection(ExtensibilityGlobals) = postSolution
		SolutionGuid = {DD50EB24-8B79-4FA3-B9FC-313F57D98622}
	EndGlobalSection
EndGlobal
